// !$*UTF8*$!
{
	archiveVersion = 1;
	classes = {
	};
	objectVersion = 46;
	objects = {

/* Begin PBXBuildFile section */
		7DAB84531C8F5EED00B8A6EA /* main.cpp in Sources */ = {isa = PBXBuildFile; fileRef = 7DAB84521C8F5EED00B8A6EA /* main.cpp */; };
		7DAB845B1C8F5F2900B8A6EA /* DiskMultiMap.cpp in Sources */ = {isa = PBXBuildFile; fileRef = 7DAB84591C8F5F2900B8A6EA /* DiskMultiMap.cpp */; };
		7DAB845E1C8F5F4F00B8A6EA /* IntelWeb.cpp in Sources */ = {isa = PBXBuildFile; fileRef = 7DAB845C1C8F5F4F00B8A6EA /* IntelWeb.cpp */; };
/* End PBXBuildFile section */

/* Begin PBXCopyFilesBuildPhase section */
		7DAB844D1C8F5EED00B8A6EA /* CopyFiles */ = {
			isa = PBXCopyFilesBuildPhase;
			buildActionMask = 2147483647;
			dstPath = /usr/share/man/man1/;
			dstSubfolderSpec = 0;
			files = (
			);
			runOnlyForDeploymentPostprocessing = 1;
		};
/* End PBXCopyFilesBuildPhase section */

/* Begin PBXFileReference section */
		7DAB844F1C8F5EED00B8A6EA /* project4 */ = {isa = PBXFileReference; explicitFileType = "compiled.mach-o.executable"; includeInIndex = 0; path = project4; sourceTree = BUILT_PRODUCTS_DIR; };
		7DAB84521C8F5EED00B8A6EA /* main.cpp */ = {isa = PBXFileReference; lastKnownFileType = sourcecode.cpp.cpp; path = main.cpp; sourceTree = "<group>"; };
		7DAB84591C8F5F2900B8A6EA /* DiskMultiMap.cpp */ = {isa = PBXFileReference; fileEncoding = 4; lastKnownFileType = sourcecode.cpp.cpp; path = DiskMultiMap.cpp; sourceTree = "<group>"; };
		7DAB845A1C8F5F2900B8A6EA /* DiskMultiMap.h */ = {isa = PBXFileReference; fileEncoding = 4; lastKnownFileType = sourcecode.c.h; path = DiskMultiMap.h; sourceTree = "<group>"; };
		7DAB845C1C8F5F4F00B8A6EA /* IntelWeb.cpp */ = {isa = PBXFileReference; fileEncoding = 4; lastKnownFileType = sourcecode.cpp.cpp; path = IntelWeb.cpp; sourceTree = "<group>"; };
		7DAB845D1C8F5F4F00B8A6EA /* IntelWeb.h */ = {isa = PBXFileReference; fileEncoding = 4; lastKnownFileType = sourcecode.c.h; path = IntelWeb.h; sourceTree = "<group>"; };
		7DAB84601C8F5F8A00B8A6EA /* MultiMapTuple.h */ = {isa = PBXFileReference; fileEncoding = 4; lastKnownFileType = sourcecode.c.h; path = MultiMapTuple.h; sourceTree = "<group>"; };
		7DAB84631C8F5FD400B8A6EA /* InteractionTuple.h */ = {isa = PBXFileReference; fileEncoding = 4; lastKnownFileType = sourcecode.c.h; path = InteractionTuple.h; sourceTree = "<group>"; };
		7DAB84651C8F654500B8A6EA /* BinaryFile.h */ = {isa = PBXFileReference; lastKnownFileType = sourcecode.c.h; path = BinaryFile.h; sourceTree = "<group>"; };
/* End PBXFileReference section */

/* Begin PBXFrameworksBuildPhase section */
		7DAB844C1C8F5EED00B8A6EA /* Frameworks */ = {
			isa = PBXFrameworksBuildPhase;
			buildActionMask = 2147483647;
			files = (
			);
			runOnlyForDeploymentPostprocessing = 0;
		};
/* End PBXFrameworksBuildPhase section */

/* Begin PBXGroup section */
		7DAB84461C8F5EED00B8A6EA = {
			isa = PBXGroup;
			children = (
				7DAB84511C8F5EED00B8A6EA /* project4 */,
				7DAB84501C8F5EED00B8A6EA /* Products */,
			);
			sourceTree = "<group>";
		};
		7DAB84501C8F5EED00B8A6EA /* Products */ = {
			isa = PBXGroup;
			children = (
				7DAB844F1C8F5EED00B8A6EA /* project4 */,
			);
			name = Products;
			sourceTree = "<group>";
		};
		7DAB84511C8F5EED00B8A6EA /* project4 */ = {
			isa = PBXGroup;
			children = (
				7DAB84521C8F5EED00B8A6EA /* main.cpp */,
				7DAB84591C8F5F2900B8A6EA /* DiskMultiMap.cpp */,
				7DAB845A1C8F5F2900B8A6EA /* DiskMultiMap.h */,
				7DAB845C1C8F5F4F00B8A6EA /* IntelWeb.cpp */,
				7DAB845D1C8F5F4F00B8A6EA /* IntelWeb.h */,
				7DAB84601C8F5F8A00B8A6EA /* MultiMapTuple.h */,
				7DAB84631C8F5FD400B8A6EA /* InteractionTuple.h */,
				7DAB84651C8F654500B8A6EA /* BinaryFile.h */,
			);
			path = project4;
			sourceTree = "<group>";
		};
/* End PBXGroup section */

/* Begin PBXNativeTarget section */
		7DAB844E1C8F5EED00B8A6EA /* project4 */ = {
			isa = PBXNativeTarget;
			buildConfigurationList = 7DAB84561C8F5EED00B8A6EA /* Build configuration list for PBXNativeTarget "project4" */;
			buildPhases = (
				7DAB844B1C8F5EED00B8A6EA /* Sources */,
				7DAB844C1C8F5EED00B8A6EA /* Frameworks */,
				7DAB844D1C8F5EED00B8A6EA /* CopyFiles */,
			);
			buildRules = (
			);
			dependencies = (
			);
			name = project4;
			productName = project4;
			productReference = 7DAB844F1C8F5EED00B8A6EA /* project4 */;
			productType = "com.apple.product-type.tool";
		};
/* End PBXNativeTarget section */

/* Begin PBXProject section */
		7DAB84471C8F5EED00B8A6EA /* Project object */ = {
			isa = PBXProject;
			attributes = {
				LastUpgradeCheck = 0720;
				ORGANIZATIONNAME = "Lari Boymoushakian";
				TargetAttributes = {
					7DAB844E1C8F5EED00B8A6EA = {
						CreatedOnToolsVersion = 7.2;
					};
				};
			};
			buildConfigurationList = 7DAB844A1C8F5EED00B8A6EA /* Build configuration list for PBXProject "project4" */;
			compatibilityVersion = "Xcode 3.2";
			developmentRegion = English;
			hasScannedForEncodings = 0;
			knownRegions = (
				en,
			);
			mainGroup = 7DAB84461C8F5EED00B8A6EA;
			productRefGroup = 7DAB84501C8F5EED00B8A6EA /* Products */;
			projectDirPath = "";
			projectRoot = "";
			targets = (
				7DAB844E1C8F5EED00B8A6EA /* project4 */,
			);
		};
/* End PBXProject section */

/* Begin PBXSourcesBuildPhase section */
		7DAB844B1C8F5EED00B8A6EA /* Sources */ = {
			isa = PBXSourcesBuildPhase;
			buildActionMask = 2147483647;
			files = (
				7DAB84531C8F5EED00B8A6EA /* main.cpp in Sources */,
				7DAB845E1C8F5F4F00B8A6EA /* IntelWeb.cpp in Sources */,
				7DAB845B1C8F5F2900B8A6EA /* DiskMultiMap.cpp in Sources */,
			);
			runOnlyForDeploymentPostprocessing = 0;
		};
/* End PBXSourcesBuildPhase section */

/* Begin XCBuildConfiguration section */
		7DAB84541C8F5EED00B8A6EA /* Debug */ = {
			isa = XCBuildConfiguration;
			buildSettings = {
				ALWAYS_SEARCH_USER_PATHS = NO;
				CLANG_CXX_LANGUAGE_STANDARD = "gnu++0x";
				CLANG_CXX_LIBRARY = "libc++";
				CLANG_ENABLE_MODULES = YES;
				CLANG_ENABLE_OBJC_ARC = YES;
				CLANG_WARN_BOOL_CONVERSION = YES;
				CLANG_WARN_CONSTANT_CONVERSION = YES;
				CLANG_WARN_DIRECT_OBJC_ISA_USAGE = YES_ERROR;
				CLANG_WARN_EMPTY_BODY = YES;
				CLANG_WARN_ENUM_CONVERSION = YES;
				CLANG_WARN_INT_CONVERSION = YES;
				CLANG_WARN_OBJC_ROOT_CLASS = YES_ERROR;
				CLANG_WARN_UNREACHABLE_CODE = YES;
				CLANG_WARN__DUPLICATE_METHOD_MATCH = YES;
				CODE_SIGN_IDENTITY = "-";
				COPY_PHASE_STRIP = NO;
				DEBUG_INFORMATION_FORMAT = dwarf;
				ENABLE_STRICT_OBJC_MSGSEND = YES;
				ENABLE_TESTABILITY = YES;
				GCC_C_LANGUAGE_STANDARD = gnu99;
				GCC_DYNAMIC_NO_PIC = NO;
				GCC_NO_COMMON_BLOCKS = YES;
				GCC_OPTIMIZATION_LEVEL = 0;
				GCC_PREPROCESSOR_DEFINITIONS = (
					"DEBUG=1",
					"$(inherited)",
				);
				GCC_WARN_64_TO_32_BIT_CONVERSION = YES;
				GCC_WARN_ABOUT_RETURN_TYPE = YES_ERROR;
				GCC_WARN_UNDECLARED_SELECTOR = YES;
				GCC_WARN_UNINITIALIZED_AUTOS = YES_AGGRESSIVE;
				GCC_WARN_UNUSED_FUNCTION = YES;
				GCC_WARN_UNUSED_VARIABLE = YES;
				MACOSX_DEPLOYMENT_TARGET = 10.11;
				MTL_ENABLE_DEBUG_INFO = YES;
				ONLY_ACTIVE_ARCH = YES;
				SDKROOT = macosx;
			};
			name = Debug;
		};
		7DAB84551C8F5EED00B8A6EA /* Release */ = {
			isa = XCBuildConfiguration;
			buildSettings = {
				ALWAYS_SEARCH_USER_PATHS = NO;
				CLANG_CXX_LANGUAGE_STANDARD = "gnu++0x";
				CLANG_CXX_LIBRARY = "libc++";
				CLANG_ENABLE_MODULES = YES;
				CLANG_ENABLE_OBJC_ARC = YES;
				CLANG_WARN_BOOL_CONVERSION = YES;
				CLANG_WARN_CONSTANT_CONVERSION = YES;
				CLANG_WARN_DIRECT_OBJC_ISA_USAGE = YES_ERROR;
				CLANG_WARN_EMPTY_BODY = YES;
				CLANG_WARN_ENUM_CONVERSION = YES;
				CLANG_WARN_INT_CONVERSION = YES;
				CLANG_WARN_OBJC_ROOT_CLASS = YES_ERROR;
				CLANG_WARN_UNREACHABLE_CODE = YES;
				CLANG_WARN__DUPLICATE_METHOD_MATCH = YES;
				CODE_SIGN_IDENTITY = "-";
				COPY_PHASE_STRIP = NO;
				DEBUG_INFORMATION_FORMAT = "dwarf-with-dsym";
				ENABLE_NS_ASSERTIONS = NO;
				ENABLE_STRICT_OBJC_MSGSEND = YES;
				GCC_C_LANGUAGE_STANDARD = gnu99;
				GCC_NO_COMMON_BLOCKS = YES;
				GCC_WARN_64_TO_32_BIT_CONVERSION = YES;
				GCC_WARN_ABOUT_RETURN_TYPE = YES_ERROR;
				GCC_WARN_UNDECLARED_SELECTOR = YES;
				GCC_WARN_UNINITIALIZED_AUTOS = YES_AGGRESSIVE;
				GCC_WARN_UNUSED_FUNCTION = YES;
				GCC_WARN_UNUSED_VARIABLE = YES;
				MACOSX_DEPLOYMENT_TARGET = 10.11;
				MTL_ENABLE_DEBUG_INFO = NO;
				SDKROOT = macosx;
			};
			name = Release;
		};
		7DAB84571C8F5EED00B8A6EA /* Debug */ = {
			isa = XCBuildConfiguration;
			buildSettings = {
				PRODUCT_NAME = "$(TARGET_NAME)";
			};
			name = Debug;
		};
		7DAB84581C8F5EED00B8A6EA /* Release */ = {
			isa = XCBuildConfiguration;
			buildSettings = {
				PRODUCT_NAME = "$(TARGET_NAME)";
			};
			name = Release;
		};
/* End XCBuildConfiguration section */

/* Begin XCConfigurationList section */
		7DAB844A1C8F5EED00B8A6EA /* Build configuration list for PBXProject "project4" */ = {
			isa = XCConfigurationList;
			buildConfigurations = (
				7DAB84541C8F5EED00B8A6EA /* Debug */,
				7DAB84551C8F5EED00B8A6EA /* Release */,
			);
			defaultConfigurationIsVisible = 0;
			defaultConfigurationName = Release;
		};
		7DAB84561C8F5EED00B8A6EA /* Build configuration list for PBXNativeTarget "project4" */ = {
			isa = XCConfigurationList;
			buildConfigurations = (
				7DAB84571C8F5EED00B8A6EA /* Debug */,
				7DAB84581C8F5EED00B8A6EA /* Release */,
			);
			defaultConfigurationIsVisible = 0;
		};
/* End XCConfigurationList section */
	};
	rootObject = 7DAB84471C8F5EED00B8A6EA /* Project object */;
}
